
Microsoft Visual Studio Solution File, Format Version 12.00
# Visual Studio Version 17
VisualStudioVersion = 17.8.34525.116
MinimumVisualStudioVersion = 10.0.40219.1
Project("{FAE04EC0-301F-11D3-BF4B-00C04F79EFBC}") = "curso-asp", "curso-asp\curso-asp.csproj", "{B83CD552-DD8F-43DC-8F0E-10D24C0C2F36}"
EndProject
Project("{2150E333-8FDC-42A3-9474-1A3956D46DE8}") = "Itens de Solução", "Itens de Solução", "{9902BF64-1D67-402C-B525-D9DEBCC30F4E}"
	ProjectSection(SolutionItems) = preProject
		.gitgnore = .gitgnore
	EndProjectSection
EndProject
Global
	GlobalSection(SolutionConfigurationPlatforms) = preSolution
		Debug|Any CPU = Debug|Any CPU
		Release|Any CPU = Release|Any CPU
	EndGlobalSection
	GlobalSection(ProjectConfigurationPlatforms) = postSolution
		{B83CD552-DD8F-43DC-8F0E-10D24C0C2F36}.Debug|Any CPU.ActiveCfg = Debug|Any CPU
		{B83CD552-DD8F-43DC-8F0E-10D24C0C2F36}.Debug|Any CPU.Build.0 = Debug|Any CPU
		{B83CD552-DD8F-43DC-8F0E-10D24C0C2F36}.Release|Any CPU.ActiveCfg = Release|Any CPU
		{B83CD552-DD8F-43DC-8F0E-10D24C0C2F36}.Release|Any CPU.Build.0 = Release|Any CPU
	EndGlobalSection
	GlobalSection(SolutionProperties) = preSolution
		HideSolutionNode = FALSE
	EndGlobalSection
	GlobalSection(ExtensibilityGlobals) = postSolution
		SolutionGuid = {79397836-0D5E-4031-997B-4BD56FF14AA1}
	EndGlobalSection
EndGlobal
